// !$*UTF8*$!
{
	archiveVersion = 1;
	classes = {
	};
	objectVersion = 46;
	objects = {

/* Begin PBXBuildFile section */
		196B858D1AA6D50B0050AA53 /* HomeViewController.swift in Sources */ = {isa = PBXBuildFile; fileRef = 196B858C1AA6D50B0050AA53 /* HomeViewController.swift */; };
		196B858F1AA6D5E00050AA53 /* SearchViewController.swift in Sources */ = {isa = PBXBuildFile; fileRef = 196B858E1AA6D5E00050AA53 /* SearchViewController.swift */; };
		196B85911AA6D6130050AA53 /* ComposeViewController.swift in Sources */ = {isa = PBXBuildFile; fileRef = 196B85901AA6D6130050AA53 /* ComposeViewController.swift */; };
		196B85931AA6D6240050AA53 /* AccountViewController.swift in Sources */ = {isa = PBXBuildFile; fileRef = 196B85921AA6D6240050AA53 /* AccountViewController.swift */; };
		196B85951AA6D62E0050AA53 /* TrendingViewController.swift in Sources */ = {isa = PBXBuildFile; fileRef = 196B85941AA6D62E0050AA53 /* TrendingViewController.swift */; };
		196B85971AA6F8940050AA53 /* FadeTransition.swift in Sources */ = {isa = PBXBuildFile; fileRef = 196B85961AA6F8940050AA53 /* FadeTransition.swift */; };
		196B85991AA6F90A0050AA53 /* BaseTransition.swift in Sources */ = {isa = PBXBuildFile; fileRef = 196B85981AA6F90A0050AA53 /* BaseTransition.swift */; };
		19B221301AA6CF3800416D40 /* AppDelegate.swift in Sources */ = {isa = PBXBuildFile; fileRef = 19B2212F1AA6CF3800416D40 /* AppDelegate.swift */; };
		19B221321AA6CF3800416D40 /* ViewController.swift in Sources */ = {isa = PBXBuildFile; fileRef = 19B221311AA6CF3800416D40 /* ViewController.swift */; };
		19B221351AA6CF3800416D40 /* Main.storyboard in Resources */ = {isa = PBXBuildFile; fileRef = 19B221331AA6CF3800416D40 /* Main.storyboard */; };
		19B221371AA6CF3800416D40 /* Images.xcassets in Resources */ = {isa = PBXBuildFile; fileRef = 19B221361AA6CF3800416D40 /* Images.xcassets */; };
		19B2213A1AA6CF3800416D40 /* LaunchScreen.xib in Resources */ = {isa = PBXBuildFile; fileRef = 19B221381AA6CF3800416D40 /* LaunchScreen.xib */; };
		19B221461AA6CF3800416D40 /* TumblrTests.swift in Sources */ = {isa = PBXBuildFile; fileRef = 19B221451AA6CF3800416D40 /* TumblrTests.swift */; };
		19B221501AA6D2BD00416D40 /* TabBarViewController.swift in Sources */ = {isa = PBXBuildFile; fileRef = 19B2214F1AA6D2BD00416D40 /* TabBarViewController.swift */; };
		19E70AA11AABA67400FF5199 /* Common.swift in Sources */ = {isa = PBXBuildFile; fileRef = 19E70AA01AABA67400FF5199 /* Common.swift */; };
		19E70AA31AABB26C00FF5199 /* LoginViewController.swift in Sources */ = {isa = PBXBuildFile; fileRef = 19E70AA21AABB26C00FF5199 /* LoginViewController.swift */; };
/* End PBXBuildFile section */

/* Begin PBXContainerItemProxy section */
		19B221401AA6CF3800416D40 /* PBXContainerItemProxy */ = {
			isa = PBXContainerItemProxy;
			containerPortal = 19B221221AA6CF3800416D40 /* Project object */;
			proxyType = 1;
			remoteGlobalIDString = 19B221291AA6CF3800416D40;
			remoteInfo = Tumblr;
		};
/* End PBXContainerItemProxy section */

/* Begin PBXFileReference section */
		196B858C1AA6D50B0050AA53 /* HomeViewController.swift */ = {isa = PBXFileReference; fileEncoding = 4; lastKnownFileType = sourcecode.swift; path = HomeViewController.swift; sourceTree = "<group>"; };
		196B858E1AA6D5E00050AA53 /* SearchViewController.swift */ = {isa = PBXFileReference; fileEncoding = 4; lastKnownFileType = sourcecode.swift; path = SearchViewController.swift; sourceTree = "<group>"; };
		196B85901AA6D6130050AA53 /* ComposeViewController.swift */ = {isa = PBXFileReference; fileEncoding = 4; lastKnownFileType = sourcecode.swift; path = ComposeViewController.swift; sourceTree = "<group>"; };
		196B85921AA6D6240050AA53 /* AccountViewController.swift */ = {isa = PBXFileReference; fileEncoding = 4; lastKnownFileType = sourcecode.swift; path = AccountViewController.swift; sourceTree = "<group>"; };
		196B85941AA6D62E0050AA53 /* TrendingViewController.swift */ = {isa = PBXFileReference; fileEncoding = 4; lastKnownFileType = sourcecode.swift; path = TrendingViewController.swift; sourceTree = "<group>"; };
		196B85961AA6F8940050AA53 /* FadeTransition.swift */ = {isa = PBXFileReference; fileEncoding = 4; lastKnownFileType = sourcecode.swift; path = FadeTransition.swift; sourceTree = "<group>"; };
		196B85981AA6F90A0050AA53 /* BaseTransition.swift */ = {isa = PBXFileReference; fileEncoding = 4; lastKnownFileType = sourcecode.swift; path = BaseTransition.swift; sourceTree = "<group>"; };
		19B2212A1AA6CF3800416D40 /* Tumblr.app */ = {isa = PBXFileReference; explicitFileType = wrapper.application; includeInIndex = 0; path = Tumblr.app; sourceTree = BUILT_PRODUCTS_DIR; };
		19B2212E1AA6CF3800416D40 /* Info.plist */ = {isa = PBXFileReference; lastKnownFileType = text.plist.xml; path = Info.plist; sourceTree = "<group>"; };
		19B2212F1AA6CF3800416D40 /* AppDelegate.swift */ = {isa = PBXFileReference; lastKnownFileType = sourcecode.swift; path = AppDelegate.swift; sourceTree = "<group>"; };
		19B221311AA6CF3800416D40 /* ViewController.swift */ = {isa = PBXFileReference; lastKnownFileType = sourcecode.swift; path = ViewController.swift; sourceTree = "<group>"; };
		19B221341AA6CF3800416D40 /* Base */ = {isa = PBXFileReference; lastKnownFileType = file.storyboard; name = Base; path = Base.lproj/Main.storyboard; sourceTree = "<group>"; };
		19B221361AA6CF3800416D40 /* Images.xcassets */ = {isa = PBXFileReference; lastKnownFileType = folder.assetcatalog; path = Images.xcassets; sourceTree = "<group>"; };
		19B221391AA6CF3800416D40 /* Base */ = {isa = PBXFileReference; lastKnownFileType = file.xib; name = Base; path = Base.lproj/LaunchScreen.xib; sourceTree = "<group>"; };
		19B2213F1AA6CF3800416D40 /* TumblrTests.xctest */ = {isa = PBXFileReference; explicitFileType = wrapper.cfbundle; includeInIndex = 0; path = TumblrTests.xctest; sourceTree = BUILT_PRODUCTS_DIR; };
		19B221441AA6CF3800416D40 /* Info.plist */ = {isa = PBXFileReference; lastKnownFileType = text.plist.xml; path = Info.plist; sourceTree = "<group>"; };
		19B221451AA6CF3800416D40 /* TumblrTests.swift */ = {isa = PBXFileReference; lastKnownFileType = sourcecode.swift; path = TumblrTests.swift; sourceTree = "<group>"; };
		19B2214F1AA6D2BD00416D40 /* TabBarViewController.swift */ = {isa = PBXFileReference; fileEncoding = 4; lastKnownFileType = sourcecode.swift; path = TabBarViewController.swift; sourceTree = "<group>"; };
		19E70AA01AABA67400FF5199 /* Common.swift */ = {isa = PBXFileReference; fileEncoding = 4; lastKnownFileType = sourcecode.swift; path = Common.swift; sourceTree = "<group>"; };
		19E70AA21AABB26C00FF5199 /* LoginViewController.swift */ = {isa = PBXFileReference; fileEncoding = 4; lastKnownFileType = sourcecode.swift; path = LoginViewController.swift; sourceTree = "<group>"; };
/* End PBXFileReference section */

/* Begin PBXFrameworksBuildPhase section */
		19B221271AA6CF3800416D40 /* Frameworks */ = {
			isa = PBXFrameworksBuildPhase;
			buildActionMask = 2147483647;
			files = (
			);
			runOnlyForDeploymentPostprocessing = 0;
		};
		19B2213C1AA6CF3800416D40 /* Frameworks */ = {
			isa = PBXFrameworksBuildPhase;
			buildActionMask = 2147483647;
			files = (
			);
			runOnlyForDeploymentPostprocessing = 0;
		};
/* End PBXFrameworksBuildPhase section */

/* Begin PBXGroup section */
		19B221211AA6CF3800416D40 = {
			isa = PBXGroup;
			children = (
				19B2212C1AA6CF3800416D40 /* Tumblr */,
				19B221421AA6CF3800416D40 /* TumblrTests */,
				19B2212B1AA6CF3800416D40 /* Products */,
			);
			sourceTree = "<group>";
		};
		19B2212B1AA6CF3800416D40 /* Products */ = {
			isa = PBXGroup;
			children = (
				19B2212A1AA6CF3800416D40 /* Tumblr.app */,
				19B2213F1AA6CF3800416D40 /* TumblrTests.xctest */,
			);
			name = Products;
			sourceTree = "<group>";
		};
		19B2212C1AA6CF3800416D40 /* Tumblr */ = {
			isa = PBXGroup;
			children = (
				19B221331AA6CF3800416D40 /* Main.storyboard */,
				19B2214F1AA6D2BD00416D40 /* TabBarViewController.swift */,
				196B858C1AA6D50B0050AA53 /* HomeViewController.swift */,
				196B858E1AA6D5E00050AA53 /* SearchViewController.swift */,
				196B85901AA6D6130050AA53 /* ComposeViewController.swift */,
				196B85921AA6D6240050AA53 /* AccountViewController.swift */,
				196B85941AA6D62E0050AA53 /* TrendingViewController.swift */,
				196B85961AA6F8940050AA53 /* FadeTransition.swift */,
				196B85981AA6F90A0050AA53 /* BaseTransition.swift */,
				19E70AA21AABB26C00FF5199 /* LoginViewController.swift */,
				19E70AA01AABA67400FF5199 /* Common.swift */,
				19B221361AA6CF3800416D40 /* Images.xcassets */,
				19B221381AA6CF3800416D40 /* LaunchScreen.xib */,
				19B2212F1AA6CF3800416D40 /* AppDelegate.swift */,
				19B221311AA6CF3800416D40 /* ViewController.swift */,
				19B2212D1AA6CF3800416D40 /* Supporting Files */,
			);
			path = Tumblr;
			sourceTree = "<group>";
		};
		19B2212D1AA6CF3800416D40 /* Supporting Files */ = {
			isa = PBXGroup;
			children = (
				19B2212E1AA6CF3800416D40 /* Info.plist */,
			);
			name = "Supporting Files";
			sourceTree = "<group>";
		};
		19B221421AA6CF3800416D40 /* TumblrTests */ = {
			isa = PBXGroup;
			children = (
				19B221451AA6CF3800416D40 /* TumblrTests.swift */,
				19B221431AA6CF3800416D40 /* Supporting Files */,
			);
			path = TumblrTests;
			sourceTree = "<group>";
		};
		19B221431AA6CF3800416D40 /* Supporting Files */ = {
			isa = PBXGroup;
			children = (
				19B221441AA6CF3800416D40 /* Info.plist */,
			);
			name = "Supporting Files";
			sourceTree = "<group>";
		};
/* End PBXGroup section */

/* Begin PBXNativeTarget section */
		19B221291AA6CF3800416D40 /* Tumblr */ = {
			isa = PBXNativeTarget;
			buildConfigurationList = 19B221491AA6CF3800416D40 /* Build configuration list for PBXNativeTarget "Tumblr" */;
			buildPhases = (
				19B221261AA6CF3800416D40 /* Sources */,
				19B221271AA6CF3800416D40 /* Frameworks */,
				19B221281AA6CF3800416D40 /* Resources */,
			);
			buildRules = (
			);
			dependencies = (
			);
			name = Tumblr;
			productName = Tumblr;
			productReference = 19B2212A1AA6CF3800416D40 /* Tumblr.app */;
			productType = "com.apple.product-type.application";
		};
		19B2213E1AA6CF3800416D40 /* TumblrTests */ = {
			isa = PBXNativeTarget;
			buildConfigurationList = 19B2214C1AA6CF3800416D40 /* Build configuration list for PBXNativeTarget "TumblrTests" */;
			buildPhases = (
				19B2213B1AA6CF3800416D40 /* Sources */,
				19B2213C1AA6CF3800416D40 /* Frameworks */,
				19B2213D1AA6CF3800416D40 /* Resources */,
			);
			buildRules = (
			);
			dependencies = (
				19B221411AA6CF3800416D40 /* PBXTargetDependency */,
			);
			name = TumblrTests;
			productName = TumblrTests;
			productReference = 19B2213F1AA6CF3800416D40 /* TumblrTests.xctest */;
			productType = "com.apple.product-type.bundle.unit-test";
		};
/* End PBXNativeTarget section */

/* Begin PBXProject section */
		19B221221AA6CF3800416D40 /* Project object */ = {
			isa = PBXProject;
			attributes = {
				LastUpgradeCheck = 0610;
				ORGANIZATIONNAME = "Scott Tong";
				TargetAttributes = {
					19B221291AA6CF3800416D40 = {
						CreatedOnToolsVersion = 6.1.1;
					};
					19B2213E1AA6CF3800416D40 = {
						CreatedOnToolsVersion = 6.1.1;
						TestTargetID = 19B221291AA6CF3800416D40;
					};
				};
			};
			buildConfigurationList = 19B221251AA6CF3800416D40 /* Build configuration list for PBXProject "Tumblr" */;
			compatibilityVersion = "Xcode 3.2";
			developmentRegion = English;
			hasScannedForEncodings = 0;
			knownRegions = (
				en,
				Base,
			);
			mainGroup = 19B221211AA6CF3800416D40;
			productRefGroup = 19B2212B1AA6CF3800416D40 /* Products */;
			projectDirPath = "";
			projectRoot = "";
			targets = (
				19B221291AA6CF3800416D40 /* Tumblr */,
				19B2213E1AA6CF3800416D40 /* TumblrTests */,
			);
		};
/* End PBXProject section */

/* Begin PBXResourcesBuildPhase section */
		19B221281AA6CF3800416D40 /* Resources */ = {
			isa = PBXResourcesBuildPhase;
			buildActionMask = 2147483647;
			files = (
				19B221351AA6CF3800416D40 /* Main.storyboard in Resources */,
				19B2213A1AA6CF3800416D40 /* LaunchScreen.xib in Resources */,
				19B221371AA6CF3800416D40 /* Images.xcassets in Resources */,
			);
			runOnlyForDeploymentPostprocessing = 0;
		};
		19B2213D1AA6CF3800416D40 /* Resources */ = {
			isa = PBXResourcesBuildPhase;
			buildActionMask = 2147483647;
			files = (
			);
			runOnlyForDeploymentPostprocessing = 0;
		};
/* End PBXResourcesBuildPhase section */

/* Begin PBXSourcesBuildPhase section */
		19B221261AA6CF3800416D40 /* Sources */ = {
			isa = PBXSourcesBuildPhase;
			buildActionMask = 2147483647;
			files = (
				19E70AA31AABB26C00FF5199 /* LoginViewController.swift in Sources */,
				196B858F1AA6D5E00050AA53 /* SearchViewController.swift in Sources */,
				196B85991AA6F90A0050AA53 /* BaseTransition.swift in Sources */,
				196B85971AA6F8940050AA53 /* FadeTransition.swift in Sources */,
				196B85951AA6D62E0050AA53 /* TrendingViewController.swift in Sources */,
				19E70AA11AABA67400FF5199 /* Common.swift in Sources */,
				19B221321AA6CF3800416D40 /* ViewController.swift in Sources */,
				196B85931AA6D6240050AA53 /* AccountViewController.swift in Sources */,
				19B221501AA6D2BD00416D40 /* TabBarViewController.swift in Sources */,
				196B85911AA6D6130050AA53 /* ComposeViewController.swift in Sources */,
				19B221301AA6CF3800416D40 /* AppDelegate.swift in Sources */,
				196B858D1AA6D50B0050AA53 /* HomeViewController.swift in Sources */,
			);
			runOnlyForDeploymentPostprocessing = 0;
		};
		19B2213B1AA6CF3800416D40 /* Sources */ = {
			isa = PBXSourcesBuildPhase;
			buildActionMask = 2147483647;
			files = (
				19B221461AA6CF3800416D40 /* TumblrTests.swift in Sources */,
			);
			runOnlyForDeploymentPostprocessing = 0;
		};
/* End PBXSourcesBuildPhase section */

/* Begin PBXTargetDependency section */
		19B221411AA6CF3800416D40 /* PBXTargetDependency */ = {
			isa = PBXTargetDependency;
			target = 19B221291AA6CF3800416D40 /* Tumblr */;
			targetProxy = 19B221401AA6CF3800416D40 /* PBXContainerItemProxy */;
		};
/* End PBXTargetDependency section */

/* Begin PBXVariantGroup section */
		19B221331AA6CF3800416D40 /* Main.storyboard */ = {
			isa = PBXVariantGroup;
			children = (
				19B221341AA6CF3800416D40 /* Base */,
			);
			name = Main.storyboard;
			sourceTree = "<group>";
		};
		19B221381AA6CF3800416D40 /* LaunchScreen.xib */ = {
			isa = PBXVariantGroup;
			children = (
				19B221391AA6CF3800416D40 /* Base */,
			);
			name = LaunchScreen.xib;
			sourceTree = "<group>";
		};
/* End PBXVariantGroup section */

/* Begin XCBuildConfiguration section */
		19B221471AA6CF3800416D40 /* Debug */ = {
			isa = XCBuildConfiguration;
			buildSettings = {
				ALWAYS_SEARCH_USER_PATHS = NO;
				CLANG_CXX_LANGUAGE_STANDARD = "gnu++0x";
				CLANG_CXX_LIBRARY = "libc++";
				CLANG_ENABLE_MODULES = YES;
				CLANG_ENABLE_OBJC_ARC = YES;
				CLANG_WARN_BOOL_CONVERSION = YES;
				CLANG_WARN_CONSTANT_CONVERSION = YES;
				CLANG_WARN_DIRECT_OBJC_ISA_USAGE = YES_ERROR;
				CLANG_WARN_EMPTY_BODY = YES;
				CLANG_WARN_ENUM_CONVERSION = YES;
				CLANG_WARN_INT_CONVERSION = YES;
				CLANG_WARN_OBJC_ROOT_CLASS = YES_ERROR;
				CLANG_WARN_UNREACHABLE_CODE = YES;
				CLANG_WARN__DUPLICATE_METHOD_MATCH = YES;
				"CODE_SIGN_IDENTITY[sdk=iphoneos*]" = "iPhone Developer";
				COPY_PHASE_STRIP = NO;
				ENABLE_STRICT_OBJC_MSGSEND = YES;
				GCC_C_LANGUAGE_STANDARD = gnu99;
				GCC_DYNAMIC_NO_PIC = NO;
				GCC_OPTIMIZATION_LEVEL = 0;
				GCC_PREPROCESSOR_DEFINITIONS = (
					"DEBUG=1",
					"$(inherited)",
				);
				GCC_SYMBOLS_PRIVATE_EXTERN = NO;
				GCC_WARN_64_TO_32_BIT_CONVERSION = YES;
				GCC_WARN_ABOUT_RETURN_TYPE = YES_ERROR;
				GCC_WARN_UNDECLARED_SELECTOR = YES;
				GCC_WARN_UNINITIALIZED_AUTOS = YES_AGGRESSIVE;
				GCC_WARN_UNUSED_FUNCTION = YES;
				GCC_WARN_UNUSED_VARIABLE = YES;
				IPHONEOS_DEPLOYMENT_TARGET = 8.1;
				MTL_ENABLE_DEBUG_INFO = YES;
				ONLY_ACTIVE_ARCH = YES;
				SDKROOT = iphoneos;
				SWIFT_OPTIMIZATION_LEVEL = "-Onone";
			};
			name = Debug;
		};
		19B221481AA6CF3800416D40 /* Release */ = {
			isa = XCBuildConfiguration;
			buildSettings = {
				ALWAYS_SEARCH_USER_PATHS = NO;
				CLANG_CXX_LANGUAGE_STANDARD = "gnu++0x";
				CLANG_CXX_LIBRARY = "libc++";
				CLANG_ENABLE_MODULES = YES;
				CLANG_ENABLE_OBJC_ARC = YES;
				CLANG_WARN_BOOL_CONVERSION = YES;
				CLANG_WARN_CONSTANT_CONVERSION = YES;
				CLANG_WARN_DIRECT_OBJC_ISA_USAGE = YES_ERROR;
				CLANG_WARN_EMPTY_BODY = YES;
				CLANG_WARN_ENUM_CONVERSION = YES;
				CLANG_WARN_INT_CONVERSION = YES;
				CLANG_WARN_OBJC_ROOT_CLASS = YES_ERROR;
				CLANG_WARN_UNREACHABLE_CODE = YES;
				CLANG_WARN__DUPLICATE_METHOD_MATCH = YES;
				"CODE_SIGN_IDENTITY[sdk=iphoneos*]" = "iPhone Developer";
				COPY_PHASE_STRIP = YES;
				ENABLE_NS_ASSERTIONS = NO;
				ENABLE_STRICT_OBJC_MSGSEND = YES;
				GCC_C_LANGUAGE_STANDARD = gnu99;
				GCC_WARN_64_TO_32_BIT_CONVERSION = YES;
				GCC_WARN_ABOUT_RETURN_TYPE = YES_ERROR;
				GCC_WARN_UNDECLARED_SELECTOR = YES;
				GCC_WARN_UNINITIALIZED_AUTOS = YES_AGGRESSIVE;
				GCC_WARN_UNUSED_FUNCTION = YES;
				GCC_WARN_UNUSED_VARIABLE = YES;
				IPHONEOS_DEPLOYMENT_TARGET = 8.1;
				MTL_ENABLE_DEBUG_INFO = NO;
				SDKROOT = iphoneos;
				VALIDATE_PRODUCT = YES;
			};
			name = Release;
		};
		19B2214A1AA6CF3800416D40 /* Debug */ = {
			isa = XCBuildConfiguration;
			buildSettings = {
				ASSETCATALOG_COMPILER_APPICON_NAME = AppIcon;
				INFOPLIST_FILE = Tumblr/Info.plist;
				IPHONEOS_DEPLOYMENT_TARGET = 8.1;
				LD_RUNPATH_SEARCH_PATHS = "$(inherited) @executable_path/Frameworks";
				PRODUCT_NAME = "$(TARGET_NAME)";
			};
			name = Debug;
		};
		19B2214B1AA6CF3800416D40 /* Release */ = {
			isa = XCBuildConfiguration;
			buildSettings = {
				ASSETCATALOG_COMPILER_APPICON_NAME = AppIcon;
				INFOPLIST_FILE = Tumblr/Info.plist;
				IPHONEOS_DEPLOYMENT_TARGET = 8.1;
				LD_RUNPATH_SEARCH_PATHS = "$(inherited) @executable_path/Frameworks";
				PRODUCT_NAME = "$(TARGET_NAME)";
			};
			name = Release;
		};
		19B2214D1AA6CF3800416D40 /* Debug */ = {
			isa = XCBuildConfiguration;
			buildSettings = {
				BUNDLE_LOADER = "$(TEST_HOST)";
				FRAMEWORK_SEARCH_PATHS = (
					"$(SDKROOT)/Developer/Library/Frameworks",
					"$(inherited)",
				);
				GCC_PREPROCESSOR_DEFINITIONS = (
					"DEBUG=1",
					"$(inherited)",
				);
				INFOPLIST_FILE = TumblrTests/Info.plist;
				LD_RUNPATH_SEARCH_PATHS = "$(inherited) @executable_path/Frameworks @loader_path/Frameworks";
				PRODUCT_NAME = "$(TARGET_NAME)";
				TEST_HOST = "$(BUILT_PRODUCTS_DIR)/Tumblr.app/Tumblr";
			};
			name = Debug;
		};
		19B2214E1AA6CF3800416D40 /* Release */ = {
			isa = XCBuildConfiguration;
			buildSettings = {
				BUNDLE_LOADER = "$(TEST_HOST)";
				FRAMEWORK_SEARCH_PATHS = (
					"$(SDKROOT)/Developer/Library/Frameworks",
					"$(inherited)",
				);
				INFOPLIST_FILE = TumblrTests/Info.plist;
				LD_RUNPATH_SEARCH_PATHS = "$(inherited) @executable_path/Frameworks @loader_path/Frameworks";
				PRODUCT_NAME = "$(TARGET_NAME)";
				TEST_HOST = "$(BUILT_PRODUCTS_DIR)/Tumblr.app/Tumblr";
			};
			name = Release;
		};
/* End XCBuildConfiguration section */

/* Begin XCConfigurationList section */
		19B221251AA6CF3800416D40 /* Build configuration list for PBXProject "Tumblr" */ = {
			isa = XCConfigurationList;
			buildConfigurations = (
				19B221471AA6CF3800416D40 /* Debug */,
				19B221481AA6CF3800416D40 /* Release */,
			);
			defaultConfigurationIsVisible = 0;
			defaultConfigurationName = Release;
		};
		19B221491AA6CF3800416D40 /* Build configuration list for PBXNativeTarget "Tumblr" */ = {
			isa = XCConfigurationList;
			buildConfigurations = (
				19B2214A1AA6CF3800416D40 /* Debug */,
				19B2214B1AA6CF3800416D40 /* Release */,
			);
			defaultConfigurationIsVisible = 0;
			defaultConfigurationName = Release;
		};
		19B2214C1AA6CF3800416D40 /* Build configuration list for PBXNativeTarget "TumblrTests" */ = {
			isa = XCConfigurationList;
			buildConfigurations = (
				19B2214D1AA6CF3800416D40 /* Debug */,
				19B2214E1AA6CF3800416D40 /* Release */,
			);
			defaultConfigurationIsVisible = 0;
			defaultConfigurationName = Release;
		};
/* End XCConfigurationList section */
	};
	rootObject = 19B221221AA6CF3800416D40 /* Project object */;
}
